
Microsoft Visual Studio Solution File, Format Version 12.00
# Visual Studio Version 16
VisualStudioVersion = 16.0.30816.78
MinimumVisualStudioVersion = 10.0.40219.1
Project("{FAE04EC0-301F-11D3-BF4B-00C04F79EFBC}") = "XMLASample", "XMLASample.csproj", "{5523AB74-D6D0-496E-8D14-FDAF3814F9DD}"
EndProject
Global
	GlobalSection(SolutionConfigurationPlatforms) = preSolution
		Debug|Any CPU = Debug|Any CPU
		Release|Any CPU = Release|Any CPU
	EndGlobalSection
	GlobalSection(ProjectConfigurationPlatforms) = postSolution
		{5523AB74-D6D0-496E-8D14-FDAF3814F9DD}.Debug|Any CPU.ActiveCfg = Debug|Any CPU
		{5523AB74-D6D0-496E-8D14-FDAF3814F9DD}.Debug|Any CPU.Build.0 = Debug|Any CPU
		{5523AB74-D6D0-496E-8D14-FDAF3814F9DD}.Release|Any CPU.ActiveCfg = Release|Any CPU
		{5523AB74-D6D0-496E-8D14-FDAF3814F9DD}.Release|Any CPU.Build.0 = Release|Any CPU
	EndGlobalSection
	GlobalSection(SolutionProperties) = preSolution
		HideSolutionNode = FALSE
	EndGlobalSection
	GlobalSection(ExtensibilityGlobals) = postSolution
		SolutionGuid = {BACDA3BA-F4A5-41DC-B24A-FB095A5EF6A1}
	EndGlobalSection
EndGlobal
